
Microsoft Visual Studio Solution File, Format Version 12.00
# Visual Studio Version 16
VisualStudioVersion = 16.0.31105.61
MinimumVisualStudioVersion = 10.0.40219.1
Project("{FAE04EC0-301F-11D3-BF4B-00C04F79EFBC}") = "XOR_Cipher", "XOR_Cipher\XOR_Cipher.csproj", "{63935FF7-4093-441C-94E6-4B8354B18570}"
EndProject
Global
	GlobalSection(SolutionConfigurationPlatforms) = preSolution
		Debug|Any CPU = Debug|Any CPU
		Release|Any CPU = Release|Any CPU
	EndGlobalSection
	GlobalSection(ProjectConfigurationPlatforms) = postSolution
		{63935FF7-4093-441C-94E6-4B8354B18570}.Debug|Any CPU.ActiveCfg = Debug|Any CPU
		{63935FF7-4093-441C-94E6-4B8354B18570}.Debug|Any CPU.Build.0 = Debug|Any CPU
		{63935FF7-4093-441C-94E6-4B8354B18570}.Release|Any CPU.ActiveCfg = Release|Any CPU
		{63935FF7-4093-441C-94E6-4B8354B18570}.Release|Any CPU.Build.0 = Release|Any CPU
	EndGlobalSection
	GlobalSection(SolutionProperties) = preSolution
		HideSolutionNode = FALSE
	EndGlobalSection
	GlobalSection(ExtensibilityGlobals) = postSolution
		SolutionGuid = {CB8E38EB-F6E2-467F-B637-70655EC683D1}
	EndGlobalSection
EndGlobal
